
Microsoft Visual Studio Solution File, Format Version 12.00
# Visual Studio Version 17
VisualStudioVersion = 17.5.002.0
MinimumVisualStudioVersion = 10.0.40219.1
Project("{9A19103F-16F7-4668-BE54-9A1E7A4F7556}") = "Use Serilog Integration", "Use Serilog Integration.csproj", "{ECA28A63-AFEB-405E-B84E-F74B54CD631A}"
EndProject
Global
	GlobalSection(SolutionConfigurationPlatforms) = preSolution
		Debug|Any CPU = Debug|Any CPU
		Release|Any CPU = Release|Any CPU
	EndGlobalSection
	GlobalSection(ProjectConfigurationPlatforms) = postSolution
		{ECA28A63-AFEB-405E-B84E-F74B54CD631A}.Debug|Any CPU.ActiveCfg = Debug|Any CPU
		{ECA28A63-AFEB-405E-B84E-F74B54CD631A}.Debug|Any CPU.Build.0 = Debug|Any CPU
		{ECA28A63-AFEB-405E-B84E-F74B54CD631A}.Release|Any CPU.ActiveCfg = Release|Any CPU
		{ECA28A63-AFEB-405E-B84E-F74B54CD631A}.Release|Any CPU.Build.0 = Release|Any CPU
	EndGlobalSection
	GlobalSection(SolutionProperties) = preSolution
		HideSolutionNode = FALSE
	EndGlobalSection
	GlobalSection(ExtensibilityGlobals) = postSolution
		SolutionGuid = {27D2AA6A-C4A1-4701-A87D-4248EE464002}
	EndGlobalSection
EndGlobal
